// !$*UTF8*$!
{
	archiveVersion = 1;
	classes = {
	};
	objectVersion = 46;
	objects = {

/* Begin PBXBuildFile section */
		24320F4D1E2247D8001B5833 /* Peaks.swift in Sources */ = {isa = PBXBuildFile; fileRef = 24320F4C1E2247D8001B5833 /* Peaks.swift */; };
		24320F4F1E2247E6001B5833 /* InputData.txt in Resources */ = {isa = PBXBuildFile; fileRef = 24320F4E1E2247E6001B5833 /* InputData.txt */; };
		243423E61E1E996F00B4812A /* NumberOfDiscIntersections.swift in Sources */ = {isa = PBXBuildFile; fileRef = 243423E51E1E996F00B4812A /* NumberOfDiscIntersections.swift */; };
		2437E39F1DF02796008C8E93 /* MinAvgTwoSlice.swift in Sources */ = {isa = PBXBuildFile; fileRef = 2437E39E1DF02796008C8E93 /* MinAvgTwoSlice.swift */; };
		24D0178F1DFACEA700E92AB8 /* Distinct.swift in Sources */ = {isa = PBXBuildFile; fileRef = 24D0178E1DFACEA700E92AB8 /* Distinct.swift */; };
		24D017911DFAD01400E92AB8 /* MaxProductOfThree.swift in Sources */ = {isa = PBXBuildFile; fileRef = 24D017901DFAD01400E92AB8 /* MaxProductOfThree.swift */; };
		24E3E7A11DFC1BE700E2DCE6 /* Triangle.swift in Sources */ = {isa = PBXBuildFile; fileRef = 24E3E7A01DFC1BE700E2DCE6 /* Triangle.swift */; };
		EA6CFA241DBBC8F900886BA0 /* PassingCars.swift in Sources */ = {isa = PBXBuildFile; fileRef = EA6CFA231DBBC8F900886BA0 /* PassingCars.swift */; };
		EAB074C41DD3584D001416D9 /* GenomicRangeQuery.swift in Sources */ = {isa = PBXBuildFile; fileRef = EAB074C31DD3584D001416D9 /* GenomicRangeQuery.swift */; };
		EAD3F55A1DB9FF0300C1CF92 /* MaxCounters.swift in Sources */ = {isa = PBXBuildFile; fileRef = EAD3F5591DB9FF0300C1CF92 /* MaxCounters.swift */; };
		EAF3F8501DC77AC700D6FD4A /* CountDiv.swift in Sources */ = {isa = PBXBuildFile; fileRef = EAF3F84F1DC77AC700D6FD4A /* CountDiv.swift */; };
		EAFE2D241DB89CF2001E77AD /* FrogRiverOne.swift in Sources */ = {isa = PBXBuildFile; fileRef = EAFE2D231DB89CF2001E77AD /* FrogRiverOne.swift */; };
/* End PBXBuildFile section */

/* Begin PBXFileReference section */
		24320F4C1E2247D8001B5833 /* Peaks.swift */ = {isa = PBXFileReference; fileEncoding = 4; lastKnownFileType = sourcecode.swift; path = Peaks.swift; sourceTree = "<group>"; };
		24320F4E1E2247E6001B5833 /* InputData.txt */ = {isa = PBXFileReference; fileEncoding = 4; lastKnownFileType = text; path = InputData.txt; sourceTree = "<group>"; };
		243423E51E1E996F00B4812A /* NumberOfDiscIntersections.swift */ = {isa = PBXFileReference; fileEncoding = 4; lastKnownFileType = sourcecode.swift; path = NumberOfDiscIntersections.swift; sourceTree = "<group>"; };
		2437E39E1DF02796008C8E93 /* MinAvgTwoSlice.swift */ = {isa = PBXFileReference; fileEncoding = 4; lastKnownFileType = sourcecode.swift; path = MinAvgTwoSlice.swift; sourceTree = "<group>"; };
		24D0178E1DFACEA700E92AB8 /* Distinct.swift */ = {isa = PBXFileReference; fileEncoding = 4; lastKnownFileType = sourcecode.swift; path = Distinct.swift; sourceTree = "<group>"; };
		24D017901DFAD01400E92AB8 /* MaxProductOfThree.swift */ = {isa = PBXFileReference; fileEncoding = 4; lastKnownFileType = sourcecode.swift; path = MaxProductOfThree.swift; sourceTree = "<group>"; };
		24E3E7A01DFC1BE700E2DCE6 /* Triangle.swift */ = {isa = PBXFileReference; fileEncoding = 4; lastKnownFileType = sourcecode.swift; path = Triangle.swift; sourceTree = "<group>"; };
		EA6CFA231DBBC8F900886BA0 /* PassingCars.swift */ = {isa = PBXFileReference; fileEncoding = 4; lastKnownFileType = sourcecode.swift; path = PassingCars.swift; sourceTree = "<group>"; };
		EAB074C31DD3584D001416D9 /* GenomicRangeQuery.swift */ = {isa = PBXFileReference; fileEncoding = 4; lastKnownFileType = sourcecode.swift; path = GenomicRangeQuery.swift; sourceTree = "<group>"; };
		EAD3F5591DB9FF0300C1CF92 /* MaxCounters.swift */ = {isa = PBXFileReference; fileEncoding = 4; lastKnownFileType = sourcecode.swift; path = MaxCounters.swift; sourceTree = "<group>"; };
		EAF3F84F1DC77AC700D6FD4A /* CountDiv.swift */ = {isa = PBXFileReference; fileEncoding = 4; lastKnownFileType = sourcecode.swift; path = CountDiv.swift; sourceTree = "<group>"; };
		EAFE2D1F1DB89CF2001E77AD /* CodilityTrainingTests.xctest */ = {isa = PBXFileReference; explicitFileType = wrapper.cfbundle; includeInIndex = 0; path = CodilityTrainingTests.xctest; sourceTree = BUILT_PRODUCTS_DIR; };
		EAFE2D231DB89CF2001E77AD /* FrogRiverOne.swift */ = {isa = PBXFileReference; lastKnownFileType = sourcecode.swift; path = FrogRiverOne.swift; sourceTree = "<group>"; };
		EAFE2D251DB89CF2001E77AD /* Info.plist */ = {isa = PBXFileReference; lastKnownFileType = text.plist.xml; path = Info.plist; sourceTree = "<group>"; };
/* End PBXFileReference section */

/* Begin PBXFrameworksBuildPhase section */
		EAFE2D1C1DB89CF2001E77AD /* Frameworks */ = {
			isa = PBXFrameworksBuildPhase;
			buildActionMask = 2147483647;
			files = (
			);
			runOnlyForDeploymentPostprocessing = 0;
		};
/* End PBXFrameworksBuildPhase section */

/* Begin PBXGroup section */
		EAFE2D021DB89CF2001E77AD = {
			isa = PBXGroup;
			children = (
				EAFE2D221DB89CF2001E77AD /* CodilityTrainingTests */,
				EAFE2D0C1DB89CF2001E77AD /* Products */,
			);
			sourceTree = "<group>";
		};
		EAFE2D0C1DB89CF2001E77AD /* Products */ = {
			isa = PBXGroup;
			children = (
				EAFE2D1F1DB89CF2001E77AD /* CodilityTrainingTests.xctest */,
			);
			name = Products;
			sourceTree = "<group>";
		};
		EAFE2D221DB89CF2001E77AD /* CodilityTrainingTests */ = {
			isa = PBXGroup;
			children = (
				EAFE2D231DB89CF2001E77AD /* FrogRiverOne.swift */,
				EAD3F5591DB9FF0300C1CF92 /* MaxCounters.swift */,
				EA6CFA231DBBC8F900886BA0 /* PassingCars.swift */,
				EAF3F84F1DC77AC700D6FD4A /* CountDiv.swift */,
				EAB074C31DD3584D001416D9 /* GenomicRangeQuery.swift */,
				2437E39E1DF02796008C8E93 /* MinAvgTwoSlice.swift */,
				24D0178E1DFACEA700E92AB8 /* Distinct.swift */,
				24D017901DFAD01400E92AB8 /* MaxProductOfThree.swift */,
				24E3E7A01DFC1BE700E2DCE6 /* Triangle.swift */,
				243423E51E1E996F00B4812A /* NumberOfDiscIntersections.swift */,
				24320F4C1E2247D8001B5833 /* Peaks.swift */,
				24320F4E1E2247E6001B5833 /* InputData.txt */,
				EAFE2D2F1DB89D1D001E77AD /* Supporting Files */,
			);
			path = CodilityTrainingTests;
			sourceTree = "<group>";
		};
		EAFE2D2F1DB89D1D001E77AD /* Supporting Files */ = {
			isa = PBXGroup;
			children = (
				EAFE2D251DB89CF2001E77AD /* Info.plist */,
			);
			name = "Supporting Files";
			sourceTree = "<group>";
		};
/* End PBXGroup section */

/* Begin PBXNativeTarget section */
		EAFE2D1E1DB89CF2001E77AD /* CodilityTrainingTests */ = {
			isa = PBXNativeTarget;
			buildConfigurationList = EAFE2D2B1DB89CF2001E77AD /* Build configuration list for PBXNativeTarget "CodilityTrainingTests" */;
			buildPhases = (
				EAFE2D1B1DB89CF2001E77AD /* Sources */,
				EAFE2D1C1DB89CF2001E77AD /* Frameworks */,
				EAFE2D1D1DB89CF2001E77AD /* Resources */,
			);
			buildRules = (
			);
			dependencies = (
			);
			name = CodilityTrainingTests;
			productName = CodilityTrainingTests;
			productReference = EAFE2D1F1DB89CF2001E77AD /* CodilityTrainingTests.xctest */;
			productType = "com.apple.product-type.bundle.unit-test";
		};
/* End PBXNativeTarget section */

/* Begin PBXProject section */
		EAFE2D031DB89CF2001E77AD /* Project object */ = {
			isa = PBXProject;
			attributes = {
				LastSwiftUpdateCheck = 0800;
				LastUpgradeCheck = 0900;
				ORGANIZATIONNAME = tm;
				TargetAttributes = {
					EAFE2D1E1DB89CF2001E77AD = {
						CreatedOnToolsVersion = 8.0;
						DevelopmentTeam = 4C34FT6ABU;
						LastSwiftMigration = 0900;
						ProvisioningStyle = Automatic;
					};
				};
			};
			buildConfigurationList = EAFE2D061DB89CF2001E77AD /* Build configuration list for PBXProject "CodilityTraining" */;
			compatibilityVersion = "Xcode 3.2";
			developmentRegion = English;
			hasScannedForEncodings = 0;
			knownRegions = (
				en,
				Base,
			);
			mainGroup = EAFE2D021DB89CF2001E77AD;
			productRefGroup = EAFE2D0C1DB89CF2001E77AD /* Products */;
			projectDirPath = "";
			projectRoot = "";
			targets = (
				EAFE2D1E1DB89CF2001E77AD /* CodilityTrainingTests */,
			);
		};
/* End PBXProject section */

/* Begin PBXResourcesBuildPhase section */
		EAFE2D1D1DB89CF2001E77AD /* Resources */ = {
			isa = PBXResourcesBuildPhase;
			buildActionMask = 2147483647;
			files = (
				24320F4F1E2247E6001B5833 /* InputData.txt in Resources */,
			);
			runOnlyForDeploymentPostprocessing = 0;
		};
/* End PBXResourcesBuildPhase section */

/* Begin PBXSourcesBuildPhase section */
		EAFE2D1B1DB89CF2001E77AD /* Sources */ = {
			isa = PBXSourcesBuildPhase;
			buildActionMask = 2147483647;
			files = (
				EAB074C41DD3584D001416D9 /* GenomicRangeQuery.swift in Sources */,
				EAFE2D241DB89CF2001E77AD /* FrogRiverOne.swift in Sources */,
				24320F4D1E2247D8001B5833 /* Peaks.swift in Sources */,
				24D0178F1DFACEA700E92AB8 /* Distinct.swift in Sources */,
				24E3E7A11DFC1BE700E2DCE6 /* Triangle.swift in Sources */,
				EAF3F8501DC77AC700D6FD4A /* CountDiv.swift in Sources */,
				2437E39F1DF02796008C8E93 /* MinAvgTwoSlice.swift in Sources */,
				EA6CFA241DBBC8F900886BA0 /* PassingCars.swift in Sources */,
				24D017911DFAD01400E92AB8 /* MaxProductOfThree.swift in Sources */,
				EAD3F55A1DB9FF0300C1CF92 /* MaxCounters.swift in Sources */,
				243423E61E1E996F00B4812A /* NumberOfDiscIntersections.swift in Sources */,
			);
			runOnlyForDeploymentPostprocessing = 0;
		};
/* End PBXSourcesBuildPhase section */

/* Begin XCBuildConfiguration section */
		EAFE2D261DB89CF2001E77AD /* Debug */ = {
			isa = XCBuildConfiguration;
			buildSettings = {
				ALWAYS_SEARCH_USER_PATHS = NO;
				CLANG_ANALYZER_NONNULL = YES;
				CLANG_CXX_LANGUAGE_STANDARD = "gnu++0x";
				CLANG_CXX_LIBRARY = "libc++";
				CLANG_ENABLE_MODULES = YES;
				CLANG_ENABLE_OBJC_ARC = YES;
				CLANG_WARN_BLOCK_CAPTURE_AUTORELEASING = YES;
				CLANG_WARN_BOOL_CONVERSION = YES;
				CLANG_WARN_COMMA = YES;
				CLANG_WARN_CONSTANT_CONVERSION = YES;
				CLANG_WARN_DIRECT_OBJC_ISA_USAGE = YES_ERROR;
				CLANG_WARN_DOCUMENTATION_COMMENTS = YES;
				CLANG_WARN_EMPTY_BODY = YES;
				CLANG_WARN_ENUM_CONVERSION = YES;
				CLANG_WARN_INFINITE_RECURSION = YES;
				CLANG_WARN_INT_CONVERSION = YES;
				CLANG_WARN_NON_LITERAL_NULL_CONVERSION = YES;
				CLANG_WARN_OBJC_LITERAL_CONVERSION = YES;
				CLANG_WARN_OBJC_ROOT_CLASS = YES_ERROR;
				CLANG_WARN_RANGE_LOOP_ANALYSIS = YES;
				CLANG_WARN_STRICT_PROTOTYPES = YES;
				CLANG_WARN_SUSPICIOUS_MOVE = YES;
				CLANG_WARN_SUSPICIOUS_MOVES = YES;
				CLANG_WARN_UNREACHABLE_CODE = YES;
				CLANG_WARN__DUPLICATE_METHOD_MATCH = YES;
				"CODE_SIGN_IDENTITY[sdk=iphoneos*]" = "iPhone Developer";
				COPY_PHASE_STRIP = NO;
				DEBUG_INFORMATION_FORMAT = dwarf;
				ENABLE_STRICT_OBJC_MSGSEND = YES;
				ENABLE_TESTABILITY = YES;
				GCC_C_LANGUAGE_STANDARD = gnu99;
				GCC_DYNAMIC_NO_PIC = NO;
				GCC_NO_COMMON_BLOCKS = YES;
				GCC_OPTIMIZATION_LEVEL = 0;
				GCC_PREPROCESSOR_DEFINITIONS = (
					"DEBUG=1",
					"$(inherited)",
				);
				GCC_WARN_64_TO_32_BIT_CONVERSION = YES;
				GCC_WARN_ABOUT_RETURN_TYPE = YES_ERROR;
				GCC_WARN_UNDECLARED_SELECTOR = YES;
				GCC_WARN_UNINITIALIZED_AUTOS = YES_AGGRESSIVE;
				GCC_WARN_UNUSED_FUNCTION = YES;
				GCC_WARN_UNUSED_VARIABLE = YES;
				IPHONEOS_DEPLOYMENT_TARGET = 10.0;
				MTL_ENABLE_DEBUG_INFO = YES;
				ONLY_ACTIVE_ARCH = YES;
				SDKROOT = iphoneos;
				SWIFT_ACTIVE_COMPILATION_CONDITIONS = DEBUG;
				SWIFT_OPTIMIZATION_LEVEL = "-Onone";
				TARGETED_DEVICE_FAMILY = "1,2";
			};
			name = Debug;
		};
		EAFE2D271DB89CF2001E77AD /* Release */ = {
			isa = XCBuildConfiguration;
			buildSettings = {
				ALWAYS_SEARCH_USER_PATHS = NO;
				CLANG_ANALYZER_NONNULL = YES;
				CLANG_CXX_LANGUAGE_STANDARD = "gnu++0x";
				CLANG_CXX_LIBRARY = "libc++";
				CLANG_ENABLE_MODULES = YES;
				CLANG_ENABLE_OBJC_ARC = YES;
				CLANG_WARN_BLOCK_CAPTURE_AUTORELEASING = YES;
				CLANG_WARN_BOOL_CONVERSION = YES;
				CLANG_WARN_COMMA = YES;
				CLANG_WARN_CONSTANT_CONVERSION = YES;
				CLANG_WARN_DIRECT_OBJC_ISA_USAGE = YES_ERROR;
				CLANG_WARN_DOCUMENTATION_COMMENTS = YES;
				CLANG_WARN_EMPTY_BODY = YES;
				CLANG_WARN_ENUM_CONVERSION = YES;
				CLANG_WARN_INFINITE_RECURSION = YES;
				CLANG_WARN_INT_CONVERSION = YES;
				CLANG_WARN_NON_LITERAL_NULL_CONVERSION = YES;
				CLANG_WARN_OBJC_LITERAL_CONVERSION = YES;
				CLANG_WARN_OBJC_ROOT_CLASS = YES_ERROR;
				CLANG_WARN_RANGE_LOOP_ANALYSIS = YES;
				CLANG_WARN_STRICT_PROTOTYPES = YES;
				CLANG_WARN_SUSPICIOUS_MOVE = YES;
				CLANG_WARN_SUSPICIOUS_MOVES = YES;
				CLANG_WARN_UNREACHABLE_CODE = YES;
				CLANG_WARN__DUPLICATE_METHOD_MATCH = YES;
				"CODE_SIGN_IDENTITY[sdk=iphoneos*]" = "iPhone Developer";
				COPY_PHASE_STRIP = NO;
				DEBUG_INFORMATION_FORMAT = "dwarf-with-dsym";
				ENABLE_NS_ASSERTIONS = NO;
				ENABLE_STRICT_OBJC_MSGSEND = YES;
				GCC_C_LANGUAGE_STANDARD = gnu99;
				GCC_NO_COMMON_BLOCKS = YES;
				GCC_WARN_64_TO_32_BIT_CONVERSION = YES;
				GCC_WARN_ABOUT_RETURN_TYPE = YES_ERROR;
				GCC_WARN_UNDECLARED_SELECTOR = YES;
				GCC_WARN_UNINITIALIZED_AUTOS = YES_AGGRESSIVE;
				GCC_WARN_UNUSED_FUNCTION = YES;
				GCC_WARN_UNUSED_VARIABLE = YES;
				IPHONEOS_DEPLOYMENT_TARGET = 10.0;
				MTL_ENABLE_DEBUG_INFO = NO;
				SDKROOT = iphoneos;
				SWIFT_OPTIMIZATION_LEVEL = "-Owholemodule";
				TARGETED_DEVICE_FAMILY = "1,2";
				VALIDATE_PRODUCT = YES;
			};
			name = Release;
		};
		EAFE2D2C1DB89CF2001E77AD /* Debug */ = {
			isa = XCBuildConfiguration;
			buildSettings = {
				ALWAYS_EMBED_SWIFT_STANDARD_LIBRARIES = YES;
				DEVELOPMENT_TEAM = 4C34FT6ABU;
				INFOPLIST_FILE = CodilityTrainingTests/Info.plist;
				LD_RUNPATH_SEARCH_PATHS = "$(inherited) @executable_path/Frameworks @loader_path/Frameworks";
				PRODUCT_BUNDLE_IDENTIFIER = com.tm.CodilityTrainingTests;
				PRODUCT_NAME = "$(TARGET_NAME)";
				SWIFT_SWIFT3_OBJC_INFERENCE = Default;
				SWIFT_VERSION = 4.0;
			};
			name = Debug;
		};
		EAFE2D2D1DB89CF2001E77AD /* Release */ = {
			isa = XCBuildConfiguration;
			buildSettings = {
				ALWAYS_EMBED_SWIFT_STANDARD_LIBRARIES = YES;
				DEVELOPMENT_TEAM = 4C34FT6ABU;
				INFOPLIST_FILE = CodilityTrainingTests/Info.plist;
				LD_RUNPATH_SEARCH_PATHS = "$(inherited) @executable_path/Frameworks @loader_path/Frameworks";
				PRODUCT_BUNDLE_IDENTIFIER = com.tm.CodilityTrainingTests;
				PRODUCT_NAME = "$(TARGET_NAME)";
				SWIFT_SWIFT3_OBJC_INFERENCE = Default;
				SWIFT_VERSION = 4.0;
			};
			name = Release;
		};
/* End XCBuildConfiguration section */

/* Begin XCConfigurationList section */
		EAFE2D061DB89CF2001E77AD /* Build configuration list for PBXProject "CodilityTraining" */ = {
			isa = XCConfigurationList;
			buildConfigurations = (
				EAFE2D261DB89CF2001E77AD /* Debug */,
				EAFE2D271DB89CF2001E77AD /* Release */,
			);
			defaultConfigurationIsVisible = 0;
			defaultConfigurationName = Release;
		};
		EAFE2D2B1DB89CF2001E77AD /* Build configuration list for PBXNativeTarget "CodilityTrainingTests" */ = {
			isa = XCConfigurationList;
			buildConfigurations = (
				EAFE2D2C1DB89CF2001E77AD /* Debug */,
				EAFE2D2D1DB89CF2001E77AD /* Release */,
			);
			defaultConfigurationIsVisible = 0;
			defaultConfigurationName = Release;
		};
/* End XCConfigurationList section */
	};
	rootObject = EAFE2D031DB89CF2001E77AD /* Project object */;
}
